// !$*UTF8*$!
{
	archiveVersion = 1;
	classes = {
	};
	objectVersion = 77;
	objects = {

/* Begin PBXBuildFile section */
		DD30325D2D22F1DC00308525 /* FirebaseAuth in Frameworks */ = {isa = PBXBuildFile; productRef = DD30325C2D22F1DC00308525 /* FirebaseAuth */; };
		DD30325F2D22F1DC00308525 /* FirebaseFirestore in Frameworks */ = {isa = PBXBuildFile; productRef = DD30325E2D22F1DC00308525 /* FirebaseFirestore */; };
		DD3032612D22F27800308525 /* FirebaseStorage in Frameworks */ = {isa = PBXBuildFile; productRef = DD3032602D22F27800308525 /* FirebaseStorage */; };
/* End PBXBuildFile section */

/* Begin PBXContainerItemProxy section */
		DD25E0462D034C460090B7A8 /* PBXContainerItemProxy */ = {
			isa = PBXContainerItemProxy;
			containerPortal = DD25E02D2D034C440090B7A8 /* Project object */;
			proxyType = 1;
			remoteGlobalIDString = DD25E0342D034C440090B7A8;
			remoteInfo = "Threat App";
		};
		DD25E0502D034C460090B7A8 /* PBXContainerItemProxy */ = {
			isa = PBXContainerItemProxy;
			containerPortal = DD25E02D2D034C440090B7A8 /* Project object */;
			proxyType = 1;
			remoteGlobalIDString = DD25E0342D034C440090B7A8;
			remoteInfo = "Threat App";
		};
/* End PBXContainerItemProxy section */

/* Begin PBXFileReference section */
		DD25E0352D034C440090B7A8 /* Threat App.app */ = {isa = PBXFileReference; explicitFileType = wrapper.application; includeInIndex = 0; path = "Threat App.app"; sourceTree = BUILT_PRODUCTS_DIR; };
		DD25E0452D034C460090B7A8 /* Threat AppTests.xctest */ = {isa = PBXFileReference; explicitFileType = wrapper.cfbundle; includeInIndex = 0; path = "Threat AppTests.xctest"; sourceTree = BUILT_PRODUCTS_DIR; };
		DD25E04F2D034C460090B7A8 /* Threat AppUITests.xctest */ = {isa = PBXFileReference; explicitFileType = wrapper.cfbundle; includeInIndex = 0; path = "Threat AppUITests.xctest"; sourceTree = BUILT_PRODUCTS_DIR; };
/* End PBXFileReference section */

/* Begin PBXFileSystemSynchronizedRootGroup section */
		DD25E0372D034C440090B7A8 /* Threat App */ = {
			isa = PBXFileSystemSynchronizedRootGroup;
			path = "Threat App";
			sourceTree = "<group>";
		};
		DD25E0482D034C460090B7A8 /* Threat AppTests */ = {
			isa = PBXFileSystemSynchronizedRootGroup;
			path = "Threat AppTests";
			sourceTree = "<group>";
		};
		DD25E0522D034C460090B7A8 /* Threat AppUITests */ = {
			isa = PBXFileSystemSynchronizedRootGroup;
			path = "Threat AppUITests";
			sourceTree = "<group>";
		};
/* End PBXFileSystemSynchronizedRootGroup section */

/* Begin PBXFrameworksBuildPhase section */
		DD25E0322D034C440090B7A8 /* Frameworks */ = {
			isa = PBXFrameworksBuildPhase;
			buildActionMask = 2147483647;
			files = (
				DD30325D2D22F1DC00308525 /* FirebaseAuth in Frameworks */,
				DD30325F2D22F1DC00308525 /* FirebaseFirestore in Frameworks */,
				DD3032612D22F27800308525 /* FirebaseStorage in Frameworks */,
			);
			runOnlyForDeploymentPostprocessing = 0;
		};
		DD25E0422D034C460090B7A8 /* Frameworks */ = {
			isa = PBXFrameworksBuildPhase;
			buildActionMask = 2147483647;
			files = (
			);
			runOnlyForDeploymentPostprocessing = 0;
		};
		DD25E04C2D034C460090B7A8 /* Frameworks */ = {
			isa = PBXFrameworksBuildPhase;
			buildActionMask = 2147483647;
			files = (
			);
			runOnlyForDeploymentPostprocessing = 0;
		};
/* End PBXFrameworksBuildPhase section */

/* Begin PBXGroup section */
		DD25E02C2D034C440090B7A8 = {
			isa = PBXGroup;
			children = (
				DD25E0372D034C440090B7A8 /* Threat App */,
				DD25E0482D034C460090B7A8 /* Threat AppTests */,
				DD25E0522D034C460090B7A8 /* Threat AppUITests */,
				DD25E0362D034C440090B7A8 /* Products */,
			);
			sourceTree = "<group>";
		};
		DD25E0362D034C440090B7A8 /* Products */ = {
			isa = PBXGroup;
			children = (
				DD25E0352D034C440090B7A8 /* Threat App.app */,
				DD25E0452D034C460090B7A8 /* Threat AppTests.xctest */,
				DD25E04F2D034C460090B7A8 /* Threat AppUITests.xctest */,
			);
			name = Products;
			sourceTree = "<group>";
		};
/* End PBXGroup section */

/* Begin PBXNativeTarget section */
		DD25E0342D034C440090B7A8 /* Threat App */ = {
			isa = PBXNativeTarget;
			buildConfigurationList = DD25E0592D034C460090B7A8 /* Build configuration list for PBXNativeTarget "Threat App" */;
			buildPhases = (
				DD25E0312D034C440090B7A8 /* Sources */,
				DD25E0322D034C440090B7A8 /* Frameworks */,
				DD25E0332D034C440090B7A8 /* Resources */,
			);
			buildRules = (
			);
			dependencies = (
			);
			fileSystemSynchronizedGroups = (
				DD25E0372D034C440090B7A8 /* Threat App */,
			);
			name = "Threat App";
			packageProductDependencies = (
				DD30325C2D22F1DC00308525 /* FirebaseAuth */,
				DD30325E2D22F1DC00308525 /* FirebaseFirestore */,
				DD3032602D22F27800308525 /* FirebaseStorage */,
			);
			productName = "Threat App";
			productReference = DD25E0352D034C440090B7A8 /* Threat App.app */;
			productType = "com.apple.product-type.application";
		};
		DD25E0442D034C460090B7A8 /* Threat AppTests */ = {
			isa = PBXNativeTarget;
			buildConfigurationList = DD25E05C2D034C460090B7A8 /* Build configuration list for PBXNativeTarget "Threat AppTests" */;
			buildPhases = (
				DD25E0412D034C460090B7A8 /* Sources */,
				DD25E0422D034C460090B7A8 /* Frameworks */,
				DD25E0432D034C460090B7A8 /* Resources */,
			);
			buildRules = (
			);
			dependencies = (
				DD25E0472D034C460090B7A8 /* PBXTargetDependency */,
			);
			fileSystemSynchronizedGroups = (
				DD25E0482D034C460090B7A8 /* Threat AppTests */,
			);
			name = "Threat AppTests";
			packageProductDependencies = (
			);
			productName = "Threat AppTests";
			productReference = DD25E0452D034C460090B7A8 /* Threat AppTests.xctest */;
			productType = "com.apple.product-type.bundle.unit-test";
		};
		DD25E04E2D034C460090B7A8 /* Threat AppUITests */ = {
			isa = PBXNativeTarget;
			buildConfigurationList = DD25E05F2D034C460090B7A8 /* Build configuration list for PBXNativeTarget "Threat AppUITests" */;
			buildPhases = (
				DD25E04B2D034C460090B7A8 /* Sources */,
				DD25E04C2D034C460090B7A8 /* Frameworks */,
				DD25E04D2D034C460090B7A8 /* Resources */,
			);
			buildRules = (
			);
			dependencies = (
				DD25E0512D034C460090B7A8 /* PBXTargetDependency */,
			);
			fileSystemSynchronizedGroups = (
				DD25E0522D034C460090B7A8 /* Threat AppUITests */,
			);
			name = "Threat AppUITests";
			packageProductDependencies = (
			);
			productName = "Threat AppUITests";
			productReference = DD25E04F2D034C460090B7A8 /* Threat AppUITests.xctest */;
			productType = "com.apple.product-type.bundle.ui-testing";
		};
/* End PBXNativeTarget section */

/* Begin PBXProject section */
		DD25E02D2D034C440090B7A8 /* Project object */ = {
			isa = PBXProject;
			attributes = {
				BuildIndependentTargetsInParallel = 1;
				LastSwiftUpdateCheck = 1600;
				LastUpgradeCheck = 1600;
				TargetAttributes = {
					DD25E0342D034C440090B7A8 = {
						CreatedOnToolsVersion = 16.0;
					};
					DD25E0442D034C460090B7A8 = {
						CreatedOnToolsVersion = 16.0;
						TestTargetID = DD25E0342D034C440090B7A8;
					};
					DD25E04E2D034C460090B7A8 = {
						CreatedOnToolsVersion = 16.0;
						TestTargetID = DD25E0342D034C440090B7A8;
					};
				};
			};
			buildConfigurationList = DD25E0302D034C440090B7A8 /* Build configuration list for PBXProject "Threat App" */;
			developmentRegion = en;
			hasScannedForEncodings = 0;
			knownRegions = (
				en,
				Base,
			);
			mainGroup = DD25E02C2D034C440090B7A8;
			minimizedProjectReferenceProxies = 1;
			packageReferences = (
				DD30325B2D22F0C100308525 /* XCRemoteSwiftPackageReference "firebase-ios-sdk" */,
			);
			preferredProjectObjectVersion = 77;
			productRefGroup = DD25E0362D034C440090B7A8 /* Products */;
			projectDirPath = "";
			projectRoot = "";
			targets = (
				DD25E0342D034C440090B7A8 /* Threat App */,
				DD25E0442D034C460090B7A8 /* Threat AppTests */,
				DD25E04E2D034C460090B7A8 /* Threat AppUITests */,
			);
		};
/* End PBXProject section */

/* Begin PBXResourcesBuildPhase section */
		DD25E0332D034C440090B7A8 /* Resources */ = {
			isa = PBXResourcesBuildPhase;
			buildActionMask = 2147483647;
			files = (
			);
			runOnlyForDeploymentPostprocessing = 0;
		};
		DD25E0432D034C460090B7A8 /* Resources */ = {
			isa = PBXResourcesBuildPhase;
			buildActionMask = 2147483647;
			files = (
			);
			runOnlyForDeploymentPostprocessing = 0;
		};
		DD25E04D2D034C460090B7A8 /* Resources */ = {
			isa = PBXResourcesBuildPhase;
			buildActionMask = 2147483647;
			files = (
			);
			runOnlyForDeploymentPostprocessing = 0;
		};
/* End PBXResourcesBuildPhase section */

/* Begin PBXSourcesBuildPhase section */
		DD25E0312D034C440090B7A8 /* Sources */ = {
			isa = PBXSourcesBuildPhase;
			buildActionMask = 2147483647;
			files = (
			);
			runOnlyForDeploymentPostprocessing = 0;
		};
		DD25E0412D034C460090B7A8 /* Sources */ = {
			isa = PBXSourcesBuildPhase;
			buildActionMask = 2147483647;
			files = (
			);
			runOnlyForDeploymentPostprocessing = 0;
		};
		DD25E04B2D034C460090B7A8 /* Sources */ = {
			isa = PBXSourcesBuildPhase;
			buildActionMask = 2147483647;
			files = (
			);
			runOnlyForDeploymentPostprocessing = 0;
		};
/* End PBXSourcesBuildPhase section */

/* Begin PBXTargetDependency section */
		DD25E0472D034C460090B7A8 /* PBXTargetDependency */ = {
			isa = PBXTargetDependency;
			target = DD25E0342D034C440090B7A8 /* Threat App */;
			targetProxy = DD25E0462D034C460090B7A8 /* PBXContainerItemProxy */;
		};
		DD25E0512D034C460090B7A8 /* PBXTargetDependency */ = {
			isa = PBXTargetDependency;
			target = DD25E0342D034C440090B7A8 /* Threat App */;
			targetProxy = DD25E0502D034C460090B7A8 /* PBXContainerItemProxy */;
		};
/* End PBXTargetDependency section */

/* Begin XCBuildConfiguration section */
		DD25E0572D034C460090B7A8 /* Debug */ = {
			isa = XCBuildConfiguration;
			buildSettings = {
				ALWAYS_SEARCH_USER_PATHS = NO;
				ASSETCATALOG_COMPILER_GENERATE_SWIFT_ASSET_SYMBOL_EXTENSIONS = YES;
				CLANG_ANALYZER_NONNULL = YES;
				CLANG_ANALYZER_NUMBER_OBJECT_CONVERSION = YES_AGGRESSIVE;
				CLANG_CXX_LANGUAGE_STANDARD = "gnu++20";
				CLANG_ENABLE_MODULES = YES;
				CLANG_ENABLE_OBJC_ARC = YES;
				CLANG_ENABLE_OBJC_WEAK = YES;
				CLANG_WARN_BLOCK_CAPTURE_AUTORELEASING = YES;
				CLANG_WARN_BOOL_CONVERSION = YES;
				CLANG_WARN_COMMA = YES;
				CLANG_WARN_CONSTANT_CONVERSION = YES;
				CLANG_WARN_DEPRECATED_OBJC_IMPLEMENTATIONS = YES;
				CLANG_WARN_DIRECT_OBJC_ISA_USAGE = YES_ERROR;
				CLANG_WARN_DOCUMENTATION_COMMENTS = YES;
				CLANG_WARN_EMPTY_BODY = YES;
				CLANG_WARN_ENUM_CONVERSION = YES;
				CLANG_WARN_INFINITE_RECURSION = YES;
				CLANG_WARN_INT_CONVERSION = YES;
				CLANG_WARN_NON_LITERAL_NULL_CONVERSION = YES;
				CLANG_WARN_OBJC_IMPLICIT_RETAIN_SELF = YES;
				CLANG_WARN_OBJC_LITERAL_CONVERSION = YES;
				CLANG_WARN_OBJC_ROOT_CLASS = YES_ERROR;
				CLANG_WARN_QUOTED_INCLUDE_IN_FRAMEWORK_HEADER = YES;
				CLANG_WARN_RANGE_LOOP_ANALYSIS = YES;
				CLANG_WARN_STRICT_PROTOTYPES = YES;
				CLANG_WARN_SUSPICIOUS_MOVE = YES;
				CLANG_WARN_UNGUARDED_AVAILABILITY = YES_AGGRESSIVE;
				CLANG_WARN_UNREACHABLE_CODE = YES;
				CLANG_WARN__DUPLICATE_METHOD_MATCH = YES;
				COPY_PHASE_STRIP = NO;
				DEBUG_INFORMATION_FORMAT = dwarf;
				ENABLE_STRICT_OBJC_MSGSEND = YES;
				ENABLE_TESTABILITY = YES;
				ENABLE_USER_SCRIPT_SANDBOXING = YES;
				GCC_C_LANGUAGE_STANDARD = gnu17;
				GCC_DYNAMIC_NO_PIC = NO;
				GCC_NO_COMMON_BLOCKS = YES;
				GCC_OPTIMIZATION_LEVEL = 0;
				GCC_PREPROCESSOR_DEFINITIONS = (
					"DEBUG=1",
					"$(inherited)",
				);
				GCC_WARN_64_TO_32_BIT_CONVERSION = YES;
				GCC_WARN_ABOUT_RETURN_TYPE = YES_ERROR;
				GCC_WARN_UNDECLARED_SELECTOR = YES;
				GCC_WARN_UNINITIALIZED_AUTOS = YES_AGGRESSIVE;
				GCC_WARN_UNUSED_FUNCTION = YES;
				GCC_WARN_UNUSED_VARIABLE = YES;
				IPHONEOS_DEPLOYMENT_TARGET = 18.0;
				LOCALIZATION_PREFERS_STRING_CATALOGS = YES;
				MTL_ENABLE_DEBUG_INFO = INCLUDE_SOURCE;
				MTL_FAST_MATH = YES;
				ONLY_ACTIVE_ARCH = YES;
				SDKROOT = iphoneos;
				SWIFT_ACTIVE_COMPILATION_CONDITIONS = "DEBUG $(inherited)";
				SWIFT_OPTIMIZATION_LEVEL = "-Onone";
			};
			name = Debug;
		};
		DD25E0582D034C460090B7A8 /* Release */ = {
			isa = XCBuildConfiguration;
			buildSettings = {
				ALWAYS_SEARCH_USER_PATHS = NO;
				ASSETCATALOG_COMPILER_GENERATE_SWIFT_ASSET_SYMBOL_EXTENSIONS = YES;
				CLANG_ANALYZER_NONNULL = YES;
				CLANG_ANALYZER_NUMBER_OBJECT_CONVERSION = YES_AGGRESSIVE;
				CLANG_CXX_LANGUAGE_STANDARD = "gnu++20";
				CLANG_ENABLE_MODULES = YES;
				CLANG_ENABLE_OBJC_ARC = YES;
				CLANG_ENABLE_OBJC_WEAK = YES;
				CLANG_WARN_BLOCK_CAPTURE_AUTORELEASING = YES;
				CLANG_WARN_BOOL_CONVERSION = YES;
				CLANG_WARN_COMMA = YES;
				CLANG_WARN_CONSTANT_CONVERSION = YES;
				CLANG_WARN_DEPRECATED_OBJC_IMPLEMENTATIONS = YES;
				CLANG_WARN_DIRECT_OBJC_ISA_USAGE = YES_ERROR;
				CLANG_WARN_DOCUMENTATION_COMMENTS = YES;
				CLANG_WARN_EMPTY_BODY = YES;
				CLANG_WARN_ENUM_CONVERSION = YES;
				CLANG_WARN_INFINITE_RECURSION = YES;
				CLANG_WARN_INT_CONVERSION = YES;
				CLANG_WARN_NON_LITERAL_NULL_CONVERSION = YES;
				CLANG_WARN_OBJC_IMPLICIT_RETAIN_SELF = YES;
				CLANG_WARN_OBJC_LITERAL_CONVERSION = YES;
				CLANG_WARN_OBJC_ROOT_CLASS = YES_ERROR;
				CLANG_WARN_QUOTED_INCLUDE_IN_FRAMEWORK_HEADER = YES;
				CLANG_WARN_RANGE_LOOP_ANALYSIS = YES;
				CLANG_WARN_STRICT_PROTOTYPES = YES;
				CLANG_WARN_SUSPICIOUS_MOVE = YES;
				CLANG_WARN_UNGUARDED_AVAILABILITY = YES_AGGRESSIVE;
				CLANG_WARN_UNREACHABLE_CODE = YES;
				CLANG_WARN__DUPLICATE_METHOD_MATCH = YES;
				COPY_PHASE_STRIP = NO;
				DEBUG_INFORMATION_FORMAT = "dwarf-with-dsym";
				ENABLE_NS_ASSERTIONS = NO;
				ENABLE_STRICT_OBJC_MSGSEND = YES;
				ENABLE_USER_SCRIPT_SANDBOXING = YES;
				GCC_C_LANGUAGE_STANDARD = gnu17;
				GCC_NO_COMMON_BLOCKS = YES;
				GCC_WARN_64_TO_32_BIT_CONVERSION = YES;
				GCC_WARN_ABOUT_RETURN_TYPE = YES_ERROR;
				GCC_WARN_UNDECLARED_SELECTOR = YES;
				GCC_WARN_UNINITIALIZED_AUTOS = YES_AGGRESSIVE;
				GCC_WARN_UNUSED_FUNCTION = YES;
				GCC_WARN_UNUSED_VARIABLE = YES;
				IPHONEOS_DEPLOYMENT_TARGET = 18.0;
				LOCALIZATION_PREFERS_STRING_CATALOGS = YES;
				MTL_ENABLE_DEBUG_INFO = NO;
				MTL_FAST_MATH = YES;
				SDKROOT = iphoneos;
				SWIFT_COMPILATION_MODE = wholemodule;
				VALIDATE_PRODUCT = YES;
			};
			name = Release;
		};
		DD25E05A2D034C460090B7A8 /* Debug */ = {
			isa = XCBuildConfiguration;
			buildSettings = {
				ASSETCATALOG_COMPILER_APPICON_NAME = AppIcon;
				ASSETCATALOG_COMPILER_GLOBAL_ACCENT_COLOR_NAME = AccentColor;
				CODE_SIGN_STYLE = Automatic;
				CURRENT_PROJECT_VERSION = 1;
				DEVELOPMENT_ASSET_PATHS = "\"Threat App/Preview Content\"";
				ENABLE_PREVIEWS = YES;
				GENERATE_INFOPLIST_FILE = YES;
				INFOPLIST_KEY_UIApplicationSceneManifest_Generation = YES;
				INFOPLIST_KEY_UIApplicationSupportsIndirectInputEvents = YES;
				INFOPLIST_KEY_UILaunchScreen_Generation = YES;
				INFOPLIST_KEY_UISupportedInterfaceOrientations_iPad = "UIInterfaceOrientationPortrait UIInterfaceOrientationPortraitUpsideDown UIInterfaceOrientationLandscapeLeft UIInterfaceOrientationLandscapeRight";
				INFOPLIST_KEY_UISupportedInterfaceOrientations_iPhone = "UIInterfaceOrientationPortrait UIInterfaceOrientationLandscapeLeft UIInterfaceOrientationLandscapeRight";
				LD_RUNPATH_SEARCH_PATHS = (
					"$(inherited)",
					"@executable_path/Frameworks",
				);
				MARKETING_VERSION = 1.0;
				PRODUCT_BUNDLE_IDENTIFIER = "cd.Threat-App";
				PRODUCT_NAME = "$(TARGET_NAME)";
				SWIFT_EMIT_LOC_STRINGS = YES;
				SWIFT_VERSION = 5.0;
				TARGETED_DEVICE_FAMILY = "1,2";
			};
			name = Debug;
		};
		DD25E05B2D034C460090B7A8 /* Release */ = {
			isa = XCBuildConfiguration;
			buildSettings = {
				ASSETCATALOG_COMPILER_APPICON_NAME = AppIcon;
				ASSETCATALOG_COMPILER_GLOBAL_ACCENT_COLOR_NAME = AccentColor;
				CODE_SIGN_STYLE = Automatic;
				CURRENT_PROJECT_VERSION = 1;
				DEVELOPMENT_ASSET_PATHS = "\"Threat App/Preview Content\"";
				ENABLE_PREVIEWS = YES;
				GENERATE_INFOPLIST_FILE = YES;
				INFOPLIST_KEY_UIApplicationSceneManifest_Generation = YES;
				INFOPLIST_KEY_UIApplicationSupportsIndirectInputEvents = YES;
				INFOPLIST_KEY_UILaunchScreen_Generation = YES;
				INFOPLIST_KEY_UISupportedInterfaceOrientations_iPad = "UIInterfaceOrientationPortrait UIInterfaceOrientationPortraitUpsideDown UIInterfaceOrientationLandscapeLeft UIInterfaceOrientationLandscapeRight";
				INFOPLIST_KEY_UISupportedInterfaceOrientations_iPhone = "UIInterfaceOrientationPortrait UIInterfaceOrientationLandscapeLeft UIInterfaceOrientationLandscapeRight";
				LD_RUNPATH_SEARCH_PATHS = (
					"$(inherited)",
					"@executable_path/Frameworks",
				);
				MARKETING_VERSION = 1.0;
				PRODUCT_BUNDLE_IDENTIFIER = "cd.Threat-App";
				PRODUCT_NAME = "$(TARGET_NAME)";
				SWIFT_EMIT_LOC_STRINGS = YES;
				SWIFT_VERSION = 5.0;
				TARGETED_DEVICE_FAMILY = "1,2";
			};
			name = Release;
		};
		DD25E05D2D034C460090B7A8 /* Debug */ = {
			isa = XCBuildConfiguration;
			buildSettings = {
				BUNDLE_LOADER = "$(TEST_HOST)";
				CODE_SIGN_STYLE = Automatic;
				CURRENT_PROJECT_VERSION = 1;
				GENERATE_INFOPLIST_FILE = YES;
				IPHONEOS_DEPLOYMENT_TARGET = 18.0;
				MARKETING_VERSION = 1.0;
				PRODUCT_BUNDLE_IDENTIFIER = "cd.Threat-AppTests";
				PRODUCT_NAME = "$(TARGET_NAME)";
				SWIFT_EMIT_LOC_STRINGS = NO;
				SWIFT_VERSION = 5.0;
				TARGETED_DEVICE_FAMILY = "1,2";
				TEST_HOST = "$(BUILT_PRODUCTS_DIR)/Threat App.app/$(BUNDLE_EXECUTABLE_FOLDER_PATH)/Threat App";
			};
			name = Debug;
		};
		DD25E05E2D034C460090B7A8 /* Release */ = {
			isa = XCBuildConfiguration;
			buildSettings = {
				BUNDLE_LOADER = "$(TEST_HOST)";
				CODE_SIGN_STYLE = Automatic;
				CURRENT_PROJECT_VERSION = 1;
				GENERATE_INFOPLIST_FILE = YES;
				IPHONEOS_DEPLOYMENT_TARGET = 18.0;
				MARKETING_VERSION = 1.0;
				PRODUCT_BUNDLE_IDENTIFIER = "cd.Threat-AppTests";
				PRODUCT_NAME = "$(TARGET_NAME)";
				SWIFT_EMIT_LOC_STRINGS = NO;
				SWIFT_VERSION = 5.0;
				TARGETED_DEVICE_FAMILY = "1,2";
				TEST_HOST = "$(BUILT_PRODUCTS_DIR)/Threat App.app/$(BUNDLE_EXECUTABLE_FOLDER_PATH)/Threat App";
			};
			name = Release;
		};
		DD25E0602D034C460090B7A8 /* Debug */ = {
			isa = XCBuildConfiguration;
			buildSettings = {
				CODE_SIGN_STYLE = Automatic;
				CURRENT_PROJECT_VERSION = 1;
				GENERATE_INFOPLIST_FILE = YES;
				MARKETING_VERSION = 1.0;
				PRODUCT_BUNDLE_IDENTIFIER = "cd.Threat-AppUITests";
				PRODUCT_NAME = "$(TARGET_NAME)";
				SWIFT_EMIT_LOC_STRINGS = NO;
				SWIFT_VERSION = 5.0;
				TARGETED_DEVICE_FAMILY = "1,2";
				TEST_TARGET_NAME = "Threat App";
			};
			name = Debug;
		};
		DD25E0612D034C460090B7A8 /* Release */ = {
			isa = XCBuildConfiguration;
			buildSettings = {
				CODE_SIGN_STYLE = Automatic;
				CURRENT_PROJECT_VERSION = 1;
				GENERATE_INFOPLIST_FILE = YES;
				MARKETING_VERSION = 1.0;
				PRODUCT_BUNDLE_IDENTIFIER = "cd.Threat-AppUITests";
				PRODUCT_NAME = "$(TARGET_NAME)";
				SWIFT_EMIT_LOC_STRINGS = NO;
				SWIFT_VERSION = 5.0;
				TARGETED_DEVICE_FAMILY = "1,2";
				TEST_TARGET_NAME = "Threat App";
			};
			name = Release;
		};
/* End XCBuildConfiguration section */

/* Begin XCConfigurationList section */
		DD25E0302D034C440090B7A8 /* Build configuration list for PBXProject "Threat App" */ = {
			isa = XCConfigurationList;
			buildConfigurations = (
				DD25E0572D034C460090B7A8 /* Debug */,
				DD25E0582D034C460090B7A8 /* Release */,
			);
			defaultConfigurationIsVisible = 0;
			defaultConfigurationName = Release;
		};
		DD25E0592D034C460090B7A8 /* Build configuration list for PBXNativeTarget "Threat App" */ = {
			isa = XCConfigurationList;
			buildConfigurations = (
				DD25E05A2D034C460090B7A8 /* Debug */,
				DD25E05B2D034C460090B7A8 /* Release */,
			);
			defaultConfigurationIsVisible = 0;
			defaultConfigurationName = Release;
		};
		DD25E05C2D034C460090B7A8 /* Build configuration list for PBXNativeTarget "Threat AppTests" */ = {
			isa = XCConfigurationList;
			buildConfigurations = (
				DD25E05D2D034C460090B7A8 /* Debug */,
				DD25E05E2D034C460090B7A8 /* Release */,
			);
			defaultConfigurationIsVisible = 0;
			defaultConfigurationName = Release;
		};
		DD25E05F2D034C460090B7A8 /* Build configuration list for PBXNativeTarget "Threat AppUITests" */ = {
			isa = XCConfigurationList;
			buildConfigurations = (
				DD25E0602D034C460090B7A8 /* Debug */,
				DD25E0612D034C460090B7A8 /* Release */,
			);
			defaultConfigurationIsVisible = 0;
			defaultConfigurationName = Release;
		};
/* End XCConfigurationList section */

/* Begin XCRemoteSwiftPackageReference section */
		DD30325B2D22F0C100308525 /* XCRemoteSwiftPackageReference "firebase-ios-sdk" */ = {
			isa = XCRemoteSwiftPackageReference;
			repositoryURL = "https://github.com/firebase/firebase-ios-sdk";
			requirement = {
				kind = upToNextMajorVersion;
				minimumVersion = 11.6.0;
			};
		};
/* End XCRemoteSwiftPackageReference section */

/* Begin XCSwiftPackageProductDependency section */
		DD30325C2D22F1DC00308525 /* FirebaseAuth */ = {
			isa = XCSwiftPackageProductDependency;
			package = DD30325B2D22F0C100308525 /* XCRemoteSwiftPackageReference "firebase-ios-sdk" */;
			productName = FirebaseAuth;
		};
		DD30325E2D22F1DC00308525 /* FirebaseFirestore */ = {
			isa = XCSwiftPackageProductDependency;
			package = DD30325B2D22F0C100308525 /* XCRemoteSwiftPackageReference "firebase-ios-sdk" */;
			productName = FirebaseFirestore;
		};
		DD3032602D22F27800308525 /* FirebaseStorage */ = {
			isa = XCSwiftPackageProductDependency;
			package = DD30325B2D22F0C100308525 /* XCRemoteSwiftPackageReference "firebase-ios-sdk" */;
			productName = FirebaseStorage;
		};
/* End XCSwiftPackageProductDependency section */
	};
	rootObject = DD25E02D2D034C440090B7A8 /* Project object */;
}
